
Microsoft Visual Studio Solution File, Format Version 12.00
# Visual Studio Version 18
VisualStudioVersion = 18.0.11123.170 d18.0
MinimumVisualStudioVersion = 10.0.40219.1
Project("{FAE04EC0-301F-11D3-BF4B-00C04F79EFBC}") = "Treinamento", "Treinamento\Treinamento.csproj", "{DCA4D532-2E9D-4318-BBA3-06C3876CBCD8}"
EndProject
Project("{FAE04EC0-301F-11D3-BF4B-00C04F79EFBC}") = "Treinamento2", "Treinamento2\Treinamento2.csproj", "{2B2C1F90-F823-4167-AFE1-8C051F8E9148}"
EndProject
Global
	GlobalSection(SolutionConfigurationPlatforms) = preSolution
		Debug|Any CPU = Debug|Any CPU
		Release|Any CPU = Release|Any CPU
	EndGlobalSection
	GlobalSection(ProjectConfigurationPlatforms) = postSolution
		{DCA4D532-2E9D-4318-BBA3-06C3876CBCD8}.Debug|Any CPU.ActiveCfg = Debug|Any CPU
		{DCA4D532-2E9D-4318-BBA3-06C3876CBCD8}.Debug|Any CPU.Build.0 = Debug|Any CPU
		{DCA4D532-2E9D-4318-BBA3-06C3876CBCD8}.Release|Any CPU.ActiveCfg = Release|Any CPU
		{DCA4D532-2E9D-4318-BBA3-06C3876CBCD8}.Release|Any CPU.Build.0 = Release|Any CPU
		{2B2C1F90-F823-4167-AFE1-8C051F8E9148}.Debug|Any CPU.ActiveCfg = Debug|Any CPU
		{2B2C1F90-F823-4167-AFE1-8C051F8E9148}.Debug|Any CPU.Build.0 = Debug|Any CPU
		{2B2C1F90-F823-4167-AFE1-8C051F8E9148}.Release|Any CPU.ActiveCfg = Release|Any CPU
		{2B2C1F90-F823-4167-AFE1-8C051F8E9148}.Release|Any CPU.Build.0 = Release|Any CPU
	EndGlobalSection
	GlobalSection(SolutionProperties) = preSolution
		HideSolutionNode = FALSE
	EndGlobalSection
	GlobalSection(ExtensibilityGlobals) = postSolution
		SolutionGuid = {E00C6481-6638-486F-99BF-8882E528B3CF}
	EndGlobalSection
EndGlobal
